
Microsoft Visual Studio Solution File, Format Version 12.00
# Visual Studio 15
VisualStudioVersion = 15.0.27703.2042
MinimumVisualStudioVersion = 10.0.40219.1
Project("{FAE04EC0-301F-11D3-BF4B-00C04F79EFBC}") = "享元模式", "享元模式\享元模式.csproj", "{FE6D5C92-40C9-4125-B93F-DDC352A55804}"
EndProject
Global
	GlobalSection(SolutionConfigurationPlatforms) = preSolution
		Debug|Any CPU = Debug|Any CPU
		Release|Any CPU = Release|Any CPU
	EndGlobalSection
	GlobalSection(ProjectConfigurationPlatforms) = postSolution
		{FE6D5C92-40C9-4125-B93F-DDC352A55804}.Debug|Any CPU.ActiveCfg = Debug|Any CPU
		{FE6D5C92-40C9-4125-B93F-DDC352A55804}.Debug|Any CPU.Build.0 = Debug|Any CPU
		{FE6D5C92-40C9-4125-B93F-DDC352A55804}.Release|Any CPU.ActiveCfg = Release|Any CPU
		{FE6D5C92-40C9-4125-B93F-DDC352A55804}.Release|Any CPU.Build.0 = Release|Any CPU
	EndGlobalSection
	GlobalSection(SolutionProperties) = preSolution
		HideSolutionNode = FALSE
	EndGlobalSection
	GlobalSection(ExtensibilityGlobals) = postSolution
		SolutionGuid = {87489520-73DD-433D-92D8-225CB9C228E9}
	EndGlobalSection
EndGlobal
